{
  "name": "offline_chatbot_app",
  "version": "1.0.0",
  "lockfileVersion": 3,
  "requires": true,
  "packages": {
    "": {
      "name": "offline_chatbot_app",
      "version": "1.0.0",
      "license": "ISC",
      "dependencies": {
        "@mediapipe/tasks-text": "^0.10.22-rc.20250304"
      }
    },
    "node_modules/@mediapipe/tasks-text": {
      "version": "0.10.22-rc.20250304",
      "resolved": "https://registry.npmjs.org/@mediapipe/tasks-text/-/tasks-text-0.10.22-rc.20250304.tgz",
      "integrity": "sha512-J2AFxsh+Pra2OZXf+T4iC8p4JeLyLjg7wU7l2mxcNPNY13wmVhYADxkOLSQq7BPRuXj5aBj7A98dBgZh++s6OQ==",
      "license": "Apache-2.0"
    }
  }
}
